// !$*UTF8*$!
{
	archiveVersion = 1;
	classes = {
	};
	objectVersion = 51;
	objects = {

/* Begin PBXBuildFile section */
		307619D2C12455FA4ECAAE46 /* Pods_To_do_lists_To_do_listsUITests.framework in Frameworks */ = {isa = PBXBuildFile; fileRef = 8E2B7920A938359CC1E3C55C /* Pods_To_do_lists_To_do_listsUITests.framework */; };
		9210BDC7267ECFC700F22843 /* AppDelegate.swift in Sources */ = {isa = PBXBuildFile; fileRef = 9210BDC6267ECFC700F22843 /* AppDelegate.swift */; };
		9210BDC9267ECFC700F22843 /* SceneDelegate.swift in Sources */ = {isa = PBXBuildFile; fileRef = 9210BDC8267ECFC700F22843 /* SceneDelegate.swift */; };
		9210BDCB267ECFC700F22843 /* ToDoListsViewController.swift in Sources */ = {isa = PBXBuildFile; fileRef = 9210BDCA267ECFC700F22843 /* ToDoListsViewController.swift */; };
		9210BDCE267ECFC700F22843 /* Main.storyboard in Resources */ = {isa = PBXBuildFile; fileRef = 9210BDCC267ECFC700F22843 /* Main.storyboard */; };
		9210BDD3267ECFCA00F22843 /* Assets.xcassets in Resources */ = {isa = PBXBuildFile; fileRef = 9210BDD2267ECFCA00F22843 /* Assets.xcassets */; };
		9210BDD6267ECFCA00F22843 /* LaunchScreen.storyboard in Resources */ = {isa = PBXBuildFile; fileRef = 9210BDD4267ECFCA00F22843 /* LaunchScreen.storyboard */; };
		9210BDE1267ECFCA00F22843 /* To_do_listsTests.swift in Sources */ = {isa = PBXBuildFile; fileRef = 9210BDE0267ECFCA00F22843 /* To_do_listsTests.swift */; };
		9210BDEC267ECFCA00F22843 /* To_do_listsUITests.swift in Sources */ = {isa = PBXBuildFile; fileRef = 9210BDEB267ECFCA00F22843 /* To_do_listsUITests.swift */; };
		921B7BF4267FF69800D4331F /* TaskTableViewCell.swift in Sources */ = {isa = PBXBuildFile; fileRef = 921B7BF2267FF69800D4331F /* TaskTableViewCell.swift */; };
		921B7BFC268020B500D4331F /* TaskTableViewCell.xib in Resources */ = {isa = PBXBuildFile; fileRef = 921B7BFB268020B500D4331F /* TaskTableViewCell.xib */; };
		9224B0DE2683930600F6FDC0 /* CategoryTableViewCell.xib in Resources */ = {isa = PBXBuildFile; fileRef = 9224B0DC2683930600F6FDC0 /* CategoryTableViewCell.xib */; };
		9224B0DF2683930600F6FDC0 /* CategoryTableViewCell.swift in Sources */ = {isa = PBXBuildFile; fileRef = 9224B0DD2683930600F6FDC0 /* CategoryTableViewCell.swift */; };
		92744314273DAD2800CFC7C3 /* Data.xcdatamodeld in Sources */ = {isa = PBXBuildFile; fileRef = 92744312273DAD2800CFC7C3 /* Data.xcdatamodeld */; };
		92DC1E0A274001E3002D682B /* CategoryTableViewController.swift in Sources */ = {isa = PBXBuildFile; fileRef = 92DC1E09274001E3002D682B /* CategoryTableViewController.swift */; };
		9D1DFBD8C091DDA2C4D3574A /* Pods_To_do_listsTests.framework in Frameworks */ = {isa = PBXBuildFile; fileRef = A04990507DAEFD8946B3F6FF /* Pods_To_do_listsTests.framework */; };
		F5339636E10D38CC3F54049B /* Pods_To_do_lists.framework in Frameworks */ = {isa = PBXBuildFile; fileRef = 4A3733D6F160FBC4F1090B66 /* Pods_To_do_lists.framework */; };
		FB63F59528F1E2F40008C0B9 /* TasksViewController.swift in Sources */ = {isa = PBXBuildFile; fileRef = FB63F59428F1E2F40008C0B9 /* TasksViewController.swift */; };
		FB63F59728F1E3C10008C0B9 /* DoneTasksTableViewController.swift in Sources */ = {isa = PBXBuildFile; fileRef = FB63F59628F1E3C10008C0B9 /* DoneTasksTableViewController.swift */; };
		FB63F59928F1E3D80008C0B9 /* InProgressTasksTableViewController.swift in Sources */ = {isa = PBXBuildFile; fileRef = FB63F59828F1E3D80008C0B9 /* InProgressTasksTableViewController.swift */; };
		FB63F59C28F1FED10008C0B9 /* Constants.swift in Sources */ = {isa = PBXBuildFile; fileRef = FB63F59B28F1FED10008C0B9 /* Constants.swift */; };
		FB63F59E28F2037B0008C0B9 /* ViewControllerExtension.swift in Sources */ = {isa = PBXBuildFile; fileRef = FB63F59D28F2037B0008C0B9 /* ViewControllerExtension.swift */; };
/* End PBXBuildFile section */

/* Begin PBXContainerItemProxy section */
		9210BDDD267ECFCA00F22843 /* PBXContainerItemProxy */ = {
			isa = PBXContainerItemProxy;
			containerPortal = 9210BDBB267ECFC700F22843 /* Project object */;
			proxyType = 1;
			remoteGlobalIDString = 9210BDC2267ECFC700F22843;
			remoteInfo = "To-do lists";
		};
		9210BDE8267ECFCA00F22843 /* PBXContainerItemProxy */ = {
			isa = PBXContainerItemProxy;
			containerPortal = 9210BDBB267ECFC700F22843 /* Project object */;
			proxyType = 1;
			remoteGlobalIDString = 9210BDC2267ECFC700F22843;
			remoteInfo = "To-do lists";
		};
/* End PBXContainerItemProxy section */

/* Begin PBXFileReference section */
		4A3733D6F160FBC4F1090B66 /* Pods_To_do_lists.framework */ = {isa = PBXFileReference; explicitFileType = wrapper.framework; includeInIndex = 0; path = Pods_To_do_lists.framework; sourceTree = BUILT_PRODUCTS_DIR; };
		8C185CA52DDFE5A1F43004FC /* Pods-To-do lists.release.xcconfig */ = {isa = PBXFileReference; includeInIndex = 1; lastKnownFileType = text.xcconfig; name = "Pods-To-do lists.release.xcconfig"; path = "Target Support Files/Pods-To-do lists/Pods-To-do lists.release.xcconfig"; sourceTree = "<group>"; };
		8E2B7920A938359CC1E3C55C /* Pods_To_do_lists_To_do_listsUITests.framework */ = {isa = PBXFileReference; explicitFileType = wrapper.framework; includeInIndex = 0; path = Pods_To_do_lists_To_do_listsUITests.framework; sourceTree = BUILT_PRODUCTS_DIR; };
		9210BDC3267ECFC700F22843 /* To-do lists.app */ = {isa = PBXFileReference; explicitFileType = wrapper.application; includeInIndex = 0; path = "To-do lists.app"; sourceTree = BUILT_PRODUCTS_DIR; };
		9210BDC6267ECFC700F22843 /* AppDelegate.swift */ = {isa = PBXFileReference; lastKnownFileType = sourcecode.swift; path = AppDelegate.swift; sourceTree = "<group>"; };
		9210BDC8267ECFC700F22843 /* SceneDelegate.swift */ = {isa = PBXFileReference; lastKnownFileType = sourcecode.swift; path = SceneDelegate.swift; sourceTree = "<group>"; };
		9210BDCA267ECFC700F22843 /* ToDoListsViewController.swift */ = {isa = PBXFileReference; lastKnownFileType = sourcecode.swift; path = ToDoListsViewController.swift; sourceTree = "<group>"; };
		9210BDCD267ECFC700F22843 /* Base */ = {isa = PBXFileReference; lastKnownFileType = file.storyboard; name = Base; path = Base.lproj/Main.storyboard; sourceTree = "<group>"; };
		9210BDD2267ECFCA00F22843 /* Assets.xcassets */ = {isa = PBXFileReference; lastKnownFileType = folder.assetcatalog; path = Assets.xcassets; sourceTree = "<group>"; };
		9210BDD5267ECFCA00F22843 /* Base */ = {isa = PBXFileReference; lastKnownFileType = file.storyboard; name = Base; path = Base.lproj/LaunchScreen.storyboard; sourceTree = "<group>"; };
		9210BDD7267ECFCA00F22843 /* Info.plist */ = {isa = PBXFileReference; lastKnownFileType = text.plist.xml; path = Info.plist; sourceTree = "<group>"; };
		9210BDDC267ECFCA00F22843 /* To-do listsTests.xctest */ = {isa = PBXFileReference; explicitFileType = wrapper.cfbundle; includeInIndex = 0; path = "To-do listsTests.xctest"; sourceTree = BUILT_PRODUCTS_DIR; };
		9210BDE0267ECFCA00F22843 /* To_do_listsTests.swift */ = {isa = PBXFileReference; lastKnownFileType = sourcecode.swift; path = To_do_listsTests.swift; sourceTree = "<group>"; };
		9210BDE2267ECFCA00F22843 /* Info.plist */ = {isa = PBXFileReference; lastKnownFileType = text.plist.xml; path = Info.plist; sourceTree = "<group>"; };
		9210BDE7267ECFCA00F22843 /* To-do listsUITests.xctest */ = {isa = PBXFileReference; explicitFileType = wrapper.cfbundle; includeInIndex = 0; path = "To-do listsUITests.xctest"; sourceTree = BUILT_PRODUCTS_DIR; };
		9210BDEB267ECFCA00F22843 /* To_do_listsUITests.swift */ = {isa = PBXFileReference; lastKnownFileType = sourcecode.swift; path = To_do_listsUITests.swift; sourceTree = "<group>"; };
		9210BDED267ECFCA00F22843 /* Info.plist */ = {isa = PBXFileReference; lastKnownFileType = text.plist.xml; path = Info.plist; sourceTree = "<group>"; };
		921B7BF2267FF69800D4331F /* TaskTableViewCell.swift */ = {isa = PBXFileReference; lastKnownFileType = sourcecode.swift; path = TaskTableViewCell.swift; sourceTree = "<group>"; };
		921B7BFB268020B500D4331F /* TaskTableViewCell.xib */ = {isa = PBXFileReference; fileEncoding = 4; lastKnownFileType = file.xib; path = TaskTableViewCell.xib; sourceTree = "<group>"; };
		9224B0DC2683930600F6FDC0 /* CategoryTableViewCell.xib */ = {isa = PBXFileReference; lastKnownFileType = file.xib; path = CategoryTableViewCell.xib; sourceTree = "<group>"; };
		9224B0DD2683930600F6FDC0 /* CategoryTableViewCell.swift */ = {isa = PBXFileReference; lastKnownFileType = sourcecode.swift; path = CategoryTableViewCell.swift; sourceTree = "<group>"; };
		92744313273DAD2800CFC7C3 /* Data.xcdatamodel */ = {isa = PBXFileReference; lastKnownFileType = wrapper.xcdatamodel; path = Data.xcdatamodel; sourceTree = "<group>"; };
		92DC1E09274001E3002D682B /* CategoryTableViewController.swift */ = {isa = PBXFileReference; lastKnownFileType = sourcecode.swift; path = CategoryTableViewController.swift; sourceTree = "<group>"; };
		96B63E24AAE14E3690E20236 /* Pods-To-do listsTests.debug.xcconfig */ = {isa = PBXFileReference; includeInIndex = 1; lastKnownFileType = text.xcconfig; name = "Pods-To-do listsTests.debug.xcconfig"; path = "Target Support Files/Pods-To-do listsTests/Pods-To-do listsTests.debug.xcconfig"; sourceTree = "<group>"; };
		A04990507DAEFD8946B3F6FF /* Pods_To_do_listsTests.framework */ = {isa = PBXFileReference; explicitFileType = wrapper.framework; includeInIndex = 0; path = Pods_To_do_listsTests.framework; sourceTree = BUILT_PRODUCTS_DIR; };
		A8451E09BF6920F5BD024C33 /* Pods-To-do lists.debug.xcconfig */ = {isa = PBXFileReference; includeInIndex = 1; lastKnownFileType = text.xcconfig; name = "Pods-To-do lists.debug.xcconfig"; path = "Target Support Files/Pods-To-do lists/Pods-To-do lists.debug.xcconfig"; sourceTree = "<group>"; };
		C152A22D8716CBA60262CD1D /* Pods-To-do listsTests.release.xcconfig */ = {isa = PBXFileReference; includeInIndex = 1; lastKnownFileType = text.xcconfig; name = "Pods-To-do listsTests.release.xcconfig"; path = "Target Support Files/Pods-To-do listsTests/Pods-To-do listsTests.release.xcconfig"; sourceTree = "<group>"; };
		CF52F0DF88FCF95B3664B02F /* Pods-To-do lists-To-do listsUITests.debug.xcconfig */ = {isa = PBXFileReference; includeInIndex = 1; lastKnownFileType = text.xcconfig; name = "Pods-To-do lists-To-do listsUITests.debug.xcconfig"; path = "Target Support Files/Pods-To-do lists-To-do listsUITests/Pods-To-do lists-To-do listsUITests.debug.xcconfig"; sourceTree = "<group>"; };
		E3104925C54DCD08CD5D4F78 /* Pods-To-do lists-To-do listsUITests.release.xcconfig */ = {isa = PBXFileReference; includeInIndex = 1; lastKnownFileType = text.xcconfig; name = "Pods-To-do lists-To-do listsUITests.release.xcconfig"; path = "Target Support Files/Pods-To-do lists-To-do listsUITests/Pods-To-do lists-To-do listsUITests.release.xcconfig"; sourceTree = "<group>"; };
		FB63F59428F1E2F40008C0B9 /* TasksViewController.swift */ = {isa = PBXFileReference; lastKnownFileType = sourcecode.swift; path = TasksViewController.swift; sourceTree = "<group>"; };
		FB63F59628F1E3C10008C0B9 /* DoneTasksTableViewController.swift */ = {isa = PBXFileReference; lastKnownFileType = sourcecode.swift; path = DoneTasksTableViewController.swift; sourceTree = "<group>"; };
		FB63F59828F1E3D80008C0B9 /* InProgressTasksTableViewController.swift */ = {isa = PBXFileReference; lastKnownFileType = sourcecode.swift; path = InProgressTasksTableViewController.swift; sourceTree = "<group>"; };
		FB63F59B28F1FED10008C0B9 /* Constants.swift */ = {isa = PBXFileReference; lastKnownFileType = sourcecode.swift; path = Constants.swift; sourceTree = "<group>"; };
		FB63F59D28F2037B0008C0B9 /* ViewControllerExtension.swift */ = {isa = PBXFileReference; lastKnownFileType = sourcecode.swift; path = ViewControllerExtension.swift; sourceTree = "<group>"; };
/* End PBXFileReference section */

/* Begin PBXFrameworksBuildPhase section */
		9210BDC0267ECFC700F22843 /* Frameworks */ = {
			isa = PBXFrameworksBuildPhase;
			buildActionMask = 2147483647;
			files = (
				F5339636E10D38CC3F54049B /* Pods_To_do_lists.framework in Frameworks */,
			);
			runOnlyForDeploymentPostprocessing = 0;
		};
		9210BDD9267ECFCA00F22843 /* Frameworks */ = {
			isa = PBXFrameworksBuildPhase;
			buildActionMask = 2147483647;
			files = (
				9D1DFBD8C091DDA2C4D3574A /* Pods_To_do_listsTests.framework in Frameworks */,
			);
			runOnlyForDeploymentPostprocessing = 0;
		};
		9210BDE4267ECFCA00F22843 /* Frameworks */ = {
			isa = PBXFrameworksBuildPhase;
			buildActionMask = 2147483647;
			files = (
				307619D2C12455FA4ECAAE46 /* Pods_To_do_lists_To_do_listsUITests.framework in Frameworks */,
			);
			runOnlyForDeploymentPostprocessing = 0;
		};
/* End PBXFrameworksBuildPhase section */

/* Begin PBXGroup section */
		833B9DAB2CA18B4D9EFA8DC0 /* Pods */ = {
			isa = PBXGroup;
			children = (
				A8451E09BF6920F5BD024C33 /* Pods-To-do lists.debug.xcconfig */,
				8C185CA52DDFE5A1F43004FC /* Pods-To-do lists.release.xcconfig */,
				CF52F0DF88FCF95B3664B02F /* Pods-To-do lists-To-do listsUITests.debug.xcconfig */,
				E3104925C54DCD08CD5D4F78 /* Pods-To-do lists-To-do listsUITests.release.xcconfig */,
				96B63E24AAE14E3690E20236 /* Pods-To-do listsTests.debug.xcconfig */,
				C152A22D8716CBA60262CD1D /* Pods-To-do listsTests.release.xcconfig */,
			);
			path = Pods;
			sourceTree = "<group>";
		};
		9210BDBA267ECFC700F22843 = {
			isa = PBXGroup;
			children = (
				9210BDC5267ECFC700F22843 /* To-do lists */,
				9210BDDF267ECFCA00F22843 /* To-do listsTests */,
				9210BDEA267ECFCA00F22843 /* To-do listsUITests */,
				9210BDC4267ECFC700F22843 /* Products */,
				833B9DAB2CA18B4D9EFA8DC0 /* Pods */,
				DCA19503C0AD04487D3DC8FB /* Frameworks */,
			);
			sourceTree = "<group>";
		};
		9210BDC4267ECFC700F22843 /* Products */ = {
			isa = PBXGroup;
			children = (
				9210BDC3267ECFC700F22843 /* To-do lists.app */,
				9210BDDC267ECFCA00F22843 /* To-do listsTests.xctest */,
				9210BDE7267ECFCA00F22843 /* To-do listsUITests.xctest */,
			);
			name = Products;
			sourceTree = "<group>";
		};
		9210BDC5267ECFC700F22843 /* To-do lists */ = {
			isa = PBXGroup;
			children = (
				9210BDC6267ECFC700F22843 /* AppDelegate.swift */,
				FB63F59A28F1FEBC0008C0B9 /* Helper */,
				9210BE01267ED98E00F22843 /* Model */,
				9210BE00267ED98B00F22843 /* View */,
				9210BDFF267ED98700F22843 /* Controller */,
				9210BDC8267ECFC700F22843 /* SceneDelegate.swift */,
				9210BDD2267ECFCA00F22843 /* Assets.xcassets */,
				9210BDD7267ECFCA00F22843 /* Info.plist */,
			);
			path = "To-do lists";
			sourceTree = "<group>";
		};
		9210BDDF267ECFCA00F22843 /* To-do listsTests */ = {
			isa = PBXGroup;
			children = (
				9210BDE0267ECFCA00F22843 /* To_do_listsTests.swift */,
				9210BDE2267ECFCA00F22843 /* Info.plist */,
			);
			path = "To-do listsTests";
			sourceTree = "<group>";
		};
		9210BDEA267ECFCA00F22843 /* To-do listsUITests */ = {
			isa = PBXGroup;
			children = (
				9210BDEB267ECFCA00F22843 /* To_do_listsUITests.swift */,
				9210BDED267ECFCA00F22843 /* Info.plist */,
			);
			path = "To-do listsUITests";
			sourceTree = "<group>";
		};
		9210BDFF267ED98700F22843 /* Controller */ = {
			isa = PBXGroup;
			children = (
				9210BDCA267ECFC700F22843 /* ToDoListsViewController.swift */,
				92DC1E09274001E3002D682B /* CategoryTableViewController.swift */,
				FB63F59428F1E2F40008C0B9 /* TasksViewController.swift */,
				FB63F59628F1E3C10008C0B9 /* DoneTasksTableViewController.swift */,
				FB63F59828F1E3D80008C0B9 /* InProgressTasksTableViewController.swift */,
			);
			path = Controller;
			sourceTree = "<group>";
		};
		9210BE00267ED98B00F22843 /* View */ = {
			isa = PBXGroup;
			children = (
				9210BDD4267ECFCA00F22843 /* LaunchScreen.storyboard */,
				9210BDCC267ECFC700F22843 /* Main.storyboard */,
				921B7BFB268020B500D4331F /* TaskTableViewCell.xib */,
				921B7BF2267FF69800D4331F /* TaskTableViewCell.swift */,
				9224B0DC2683930600F6FDC0 /* CategoryTableViewCell.xib */,
				9224B0DD2683930600F6FDC0 /* CategoryTableViewCell.swift */,
			);
			path = View;
			sourceTree = "<group>";
		};
		9210BE01267ED98E00F22843 /* Model */ = {
			isa = PBXGroup;
			children = (
				92744312273DAD2800CFC7C3 /* Data.xcdatamodeld */,
			);
			path = Model;
			sourceTree = "<group>";
		};
		DCA19503C0AD04487D3DC8FB /* Frameworks */ = {
			isa = PBXGroup;
			children = (
				4A3733D6F160FBC4F1090B66 /* Pods_To_do_lists.framework */,
				8E2B7920A938359CC1E3C55C /* Pods_To_do_lists_To_do_listsUITests.framework */,
				A04990507DAEFD8946B3F6FF /* Pods_To_do_listsTests.framework */,
			);
			name = Frameworks;
			sourceTree = "<group>";
		};
		FB63F59A28F1FEBC0008C0B9 /* Helper */ = {
			isa = PBXGroup;
			children = (
				FB63F59B28F1FED10008C0B9 /* Constants.swift */,
				FB63F59D28F2037B0008C0B9 /* ViewControllerExtension.swift */,
			);
			path = Helper;
			sourceTree = "<group>";
		};
/* End PBXGroup section */

/* Begin PBXNativeTarget section */
		9210BDC2267ECFC700F22843 /* To-do lists */ = {
			isa = PBXNativeTarget;
			buildConfigurationList = 9210BDF0267ECFCA00F22843 /* Build configuration list for PBXNativeTarget "To-do lists" */;
			buildPhases = (
				670C7519362D90985082241C /* [CP] Check Pods Manifest.lock */,
				9210BDBF267ECFC700F22843 /* Sources */,
				9210BDC0267ECFC700F22843 /* Frameworks */,
				9210BDC1267ECFC700F22843 /* Resources */,
				5A03417309F54FD0CED47D26 /* [CP] Embed Pods Frameworks */,
			);
			buildRules = (
			);
			dependencies = (
			);
			name = "To-do lists";
			productName = "To-do lists";
			productReference = 9210BDC3267ECFC700F22843 /* To-do lists.app */;
			productType = "com.apple.product-type.application";
		};
		9210BDDB267ECFCA00F22843 /* To-do listsTests */ = {
			isa = PBXNativeTarget;
			buildConfigurationList = 9210BDF3267ECFCA00F22843 /* Build configuration list for PBXNativeTarget "To-do listsTests" */;
			buildPhases = (
				240CEB1068802E3658A13EC7 /* [CP] Check Pods Manifest.lock */,
				9210BDD8267ECFCA00F22843 /* Sources */,
				9210BDD9267ECFCA00F22843 /* Frameworks */,
				9210BDDA267ECFCA00F22843 /* Resources */,
			);
			buildRules = (
			);
			dependencies = (
				9210BDDE267ECFCA00F22843 /* PBXTargetDependency */,
			);
			name = "To-do listsTests";
			productName = "To-do listsTests";
			productReference = 9210BDDC267ECFCA00F22843 /* To-do listsTests.xctest */;
			productType = "com.apple.product-type.bundle.unit-test";
		};
		9210BDE6267ECFCA00F22843 /* To-do listsUITests */ = {
			isa = PBXNativeTarget;
			buildConfigurationList = 9210BDF6267ECFCA00F22843 /* Build configuration list for PBXNativeTarget "To-do listsUITests" */;
			buildPhases = (
				D94E34CB16DCB6E25F9446FB /* [CP] Check Pods Manifest.lock */,
				9210BDE3267ECFCA00F22843 /* Sources */,
				9210BDE4267ECFCA00F22843 /* Frameworks */,
				9210BDE5267ECFCA00F22843 /* Resources */,
				724295F701D0595787F6F486 /* [CP] Embed Pods Frameworks */,
			);
			buildRules = (
			);
			dependencies = (
				9210BDE9267ECFCA00F22843 /* PBXTargetDependency */,
			);
			name = "To-do listsUITests";
			productName = "To-do listsUITests";
			productReference = 9210BDE7267ECFCA00F22843 /* To-do listsUITests.xctest */;
			productType = "com.apple.product-type.bundle.ui-testing";
		};
/* End PBXNativeTarget section */

/* Begin PBXProject section */
		9210BDBB267ECFC700F22843 /* Project object */ = {
			isa = PBXProject;
			attributes = {
				LastSwiftUpdateCheck = 1240;
				LastUpgradeCheck = 1240;
				TargetAttributes = {
					9210BDC2267ECFC700F22843 = {
						CreatedOnToolsVersion = 12.4;
					};
					9210BDDB267ECFCA00F22843 = {
						CreatedOnToolsVersion = 12.4;
						TestTargetID = 9210BDC2267ECFC700F22843;
					};
					9210BDE6267ECFCA00F22843 = {
						CreatedOnToolsVersion = 12.4;
						TestTargetID = 9210BDC2267ECFC700F22843;
					};
				};
			};
			buildConfigurationList = 9210BDBE267ECFC700F22843 /* Build configuration list for PBXProject "To-do lists" */;
			compatibilityVersion = "Xcode 9.3";
			developmentRegion = en;
			hasScannedForEncodings = 0;
			knownRegions = (
				en,
				Base,
			);
			mainGroup = 9210BDBA267ECFC700F22843;
			productRefGroup = 9210BDC4267ECFC700F22843 /* Products */;
			projectDirPath = "";
			projectRoot = "";
			targets = (
				9210BDC2267ECFC700F22843 /* To-do lists */,
				9210BDDB267ECFCA00F22843 /* To-do listsTests */,
				9210BDE6267ECFCA00F22843 /* To-do listsUITests */,
			);
		};
/* End PBXProject section */

/* Begin PBXResourcesBuildPhase section */
		9210BDC1267ECFC700F22843 /* Resources */ = {
			isa = PBXResourcesBuildPhase;
			buildActionMask = 2147483647;
			files = (
				921B7BFC268020B500D4331F /* TaskTableViewCell.xib in Resources */,
				9224B0DE2683930600F6FDC0 /* CategoryTableViewCell.xib in Resources */,
				9210BDD6267ECFCA00F22843 /* LaunchScreen.storyboard in Resources */,
				9210BDD3267ECFCA00F22843 /* Assets.xcassets in Resources */,
				9210BDCE267ECFC700F22843 /* Main.storyboard in Resources */,
			);
			runOnlyForDeploymentPostprocessing = 0;
		};
		9210BDDA267ECFCA00F22843 /* Resources */ = {
			isa = PBXResourcesBuildPhase;
			buildActionMask = 2147483647;
			files = (
			);
			runOnlyForDeploymentPostprocessing = 0;
		};
		9210BDE5267ECFCA00F22843 /* Resources */ = {
			isa = PBXResourcesBuildPhase;
			buildActionMask = 2147483647;
			files = (
			);
			runOnlyForDeploymentPostprocessing = 0;
		};
/* End PBXResourcesBuildPhase section */

/* Begin PBXShellScriptBuildPhase section */
		240CEB1068802E3658A13EC7 /* [CP] Check Pods Manifest.lock */ = {
			isa = PBXShellScriptBuildPhase;
			buildActionMask = 2147483647;
			files = (
			);
			inputFileListPaths = (
			);
			inputPaths = (
				"${PODS_PODFILE_DIR_PATH}/Podfile.lock",
				"${PODS_ROOT}/Manifest.lock",
			);
			name = "[CP] Check Pods Manifest.lock";
			outputFileListPaths = (
			);
			outputPaths = (
				"$(DERIVED_FILE_DIR)/Pods-To-do listsTests-checkManifestLockResult.txt",
			);
			runOnlyForDeploymentPostprocessing = 0;
			shellPath = /bin/sh;
			shellScript = "diff \"${PODS_PODFILE_DIR_PATH}/Podfile.lock\" \"${PODS_ROOT}/Manifest.lock\" > /dev/null\nif [ $? != 0 ] ; then\n    # print error to STDERR\n    echo \"error: The sandbox is not in sync with the Podfile.lock. Run 'pod install' or update your CocoaPods installation.\" >&2\n    exit 1\nfi\n# This output is used by Xcode 'outputs' to avoid re-running this script phase.\necho \"SUCCESS\" > \"${SCRIPT_OUTPUT_FILE_0}\"\n";
			showEnvVarsInLog = 0;
		};
		5A03417309F54FD0CED47D26 /* [CP] Embed Pods Frameworks */ = {
			isa = PBXShellScriptBuildPhase;
			buildActionMask = 2147483647;
			files = (
			);
			inputFileListPaths = (
				"${PODS_ROOT}/Target Support Files/Pods-To-do lists/Pods-To-do lists-frameworks-${CONFIGURATION}-input-files.xcfilelist",
			);
			name = "[CP] Embed Pods Frameworks";
			outputFileListPaths = (
				"${PODS_ROOT}/Target Support Files/Pods-To-do lists/Pods-To-do lists-frameworks-${CONFIGURATION}-output-files.xcfilelist",
			);
			runOnlyForDeploymentPostprocessing = 0;
			shellPath = /bin/sh;
			shellScript = "\"${PODS_ROOT}/Target Support Files/Pods-To-do lists/Pods-To-do lists-frameworks.sh\"\n";
			showEnvVarsInLog = 0;
		};
		670C7519362D90985082241C /* [CP] Check Pods Manifest.lock */ = {
			isa = PBXShellScriptBuildPhase;
			buildActionMask = 2147483647;
			files = (
			);
			inputFileListPaths = (
			);
			inputPaths = (
				"${PODS_PODFILE_DIR_PATH}/Podfile.lock",
				"${PODS_ROOT}/Manifest.lock",
			);
			name = "[CP] Check Pods Manifest.lock";
			outputFileListPaths = (
			);
			outputPaths = (
				"$(DERIVED_FILE_DIR)/Pods-To-do lists-checkManifestLockResult.txt",
			);
			runOnlyForDeploymentPostprocessing = 0;
			shellPath = /bin/sh;
			shellScript = "diff \"${PODS_PODFILE_DIR_PATH}/Podfile.lock\" \"${PODS_ROOT}/Manifest.lock\" > /dev/null\nif [ $? != 0 ] ; then\n    # print error to STDERR\n    echo \"error: The sandbox is not in sync with the Podfile.lock. Run 'pod install' or update your CocoaPods installation.\" >&2\n    exit 1\nfi\n# This output is used by Xcode 'outputs' to avoid re-running this script phase.\necho \"SUCCESS\" > \"${SCRIPT_OUTPUT_FILE_0}\"\n";
			showEnvVarsInLog = 0;
		};
		724295F701D0595787F6F486 /* [CP] Embed Pods Frameworks */ = {
			isa = PBXShellScriptBuildPhase;
			buildActionMask = 2147483647;
			files = (
			);
			inputFileListPaths = (
				"${PODS_ROOT}/Target Support Files/Pods-To-do lists-To-do listsUITests/Pods-To-do lists-To-do listsUITests-frameworks-${CONFIGURATION}-input-files.xcfilelist",
			);
			name = "[CP] Embed Pods Frameworks";
			outputFileListPaths = (
				"${PODS_ROOT}/Target Support Files/Pods-To-do lists-To-do listsUITests/Pods-To-do lists-To-do listsUITests-frameworks-${CONFIGURATION}-output-files.xcfilelist",
			);
			runOnlyForDeploymentPostprocessing = 0;
			shellPath = /bin/sh;
			shellScript = "\"${PODS_ROOT}/Target Support Files/Pods-To-do lists-To-do listsUITests/Pods-To-do lists-To-do listsUITests-frameworks.sh\"\n";
			showEnvVarsInLog = 0;
		};
		D94E34CB16DCB6E25F9446FB /* [CP] Check Pods Manifest.lock */ = {
			isa = PBXShellScriptBuildPhase;
			buildActionMask = 2147483647;
			files = (
			);
			inputFileListPaths = (
			);
			inputPaths = (
				"${PODS_PODFILE_DIR_PATH}/Podfile.lock",
				"${PODS_ROOT}/Manifest.lock",
			);
			name = "[CP] Check Pods Manifest.lock";
			outputFileListPaths = (
			);
			outputPaths = (
				"$(DERIVED_FILE_DIR)/Pods-To-do lists-To-do listsUITests-checkManifestLockResult.txt",
			);
			runOnlyForDeploymentPostprocessing = 0;
			shellPath = /bin/sh;
			shellScript = "diff \"${PODS_PODFILE_DIR_PATH}/Podfile.lock\" \"${PODS_ROOT}/Manifest.lock\" > /dev/null\nif [ $? != 0 ] ; then\n    # print error to STDERR\n    echo \"error: The sandbox is not in sync with the Podfile.lock. Run 'pod install' or update your CocoaPods installation.\" >&2\n    exit 1\nfi\n# This output is used by Xcode 'outputs' to avoid re-running this script phase.\necho \"SUCCESS\" > \"${SCRIPT_OUTPUT_FILE_0}\"\n";
			showEnvVarsInLog = 0;
		};
/* End PBXShellScriptBuildPhase section */

/* Begin PBXSourcesBuildPhase section */
		9210BDBF267ECFC700F22843 /* Sources */ = {
			isa = PBXSourcesBuildPhase;
			buildActionMask = 2147483647;
			files = (
				92DC1E0A274001E3002D682B /* CategoryTableViewController.swift in Sources */,
				FB63F59C28F1FED10008C0B9 /* Constants.swift in Sources */,
				FB63F59528F1E2F40008C0B9 /* TasksViewController.swift in Sources */,
				921B7BF4267FF69800D4331F /* TaskTableViewCell.swift in Sources */,
				9210BDCB267ECFC700F22843 /* ToDoListsViewController.swift in Sources */,
				FB63F59728F1E3C10008C0B9 /* DoneTasksTableViewController.swift in Sources */,
				9210BDC7267ECFC700F22843 /* AppDelegate.swift in Sources */,
				FB63F59928F1E3D80008C0B9 /* InProgressTasksTableViewController.swift in Sources */,
				FB63F59E28F2037B0008C0B9 /* ViewControllerExtension.swift in Sources */,
				9224B0DF2683930600F6FDC0 /* CategoryTableViewCell.swift in Sources */,
				92744314273DAD2800CFC7C3 /* Data.xcdatamodeld in Sources */,
				9210BDC9267ECFC700F22843 /* SceneDelegate.swift in Sources */,
			);
			runOnlyForDeploymentPostprocessing = 0;
		};
		9210BDD8267ECFCA00F22843 /* Sources */ = {
			isa = PBXSourcesBuildPhase;
			buildActionMask = 2147483647;
			files = (
				9210BDE1267ECFCA00F22843 /* To_do_listsTests.swift in Sources */,
			);
			runOnlyForDeploymentPostprocessing = 0;
		};
		9210BDE3267ECFCA00F22843 /* Sources */ = {
			isa = PBXSourcesBuildPhase;
			buildActionMask = 2147483647;
			files = (
				9210BDEC267ECFCA00F22843 /* To_do_listsUITests.swift in Sources */,
			);
			runOnlyForDeploymentPostprocessing = 0;
		};
/* End PBXSourcesBuildPhase section */

/* Begin PBXTargetDependency section */
		9210BDDE267ECFCA00F22843 /* PBXTargetDependency */ = {
			isa = PBXTargetDependency;
			target = 9210BDC2267ECFC700F22843 /* To-do lists */;
			targetProxy = 9210BDDD267ECFCA00F22843 /* PBXContainerItemProxy */;
		};
		9210BDE9267ECFCA00F22843 /* PBXTargetDependency */ = {
			isa = PBXTargetDependency;
			target = 9210BDC2267ECFC700F22843 /* To-do lists */;
			targetProxy = 9210BDE8267ECFCA00F22843 /* PBXContainerItemProxy */;
		};
/* End PBXTargetDependency section */

/* Begin PBXVariantGroup section */
		9210BDCC267ECFC700F22843 /* Main.storyboard */ = {
			isa = PBXVariantGroup;
			children = (
				9210BDCD267ECFC700F22843 /* Base */,
			);
			name = Main.storyboard;
			sourceTree = "<group>";
		};
		9210BDD4267ECFCA00F22843 /* LaunchScreen.storyboard */ = {
			isa = PBXVariantGroup;
			children = (
				9210BDD5267ECFCA00F22843 /* Base */,
			);
			name = LaunchScreen.storyboard;
			sourceTree = "<group>";
		};
/* End PBXVariantGroup section */

/* Begin XCBuildConfiguration section */
		9210BDEE267ECFCA00F22843 /* Debug */ = {
			isa = XCBuildConfiguration;
			buildSettings = {
				ALWAYS_SEARCH_USER_PATHS = NO;
				CLANG_ANALYZER_NONNULL = YES;
				CLANG_ANALYZER_NUMBER_OBJECT_CONVERSION = YES_AGGRESSIVE;
				CLANG_CXX_LANGUAGE_STANDARD = "gnu++14";
				CLANG_CXX_LIBRARY = "libc++";
				CLANG_ENABLE_MODULES = YES;
				CLANG_ENABLE_OBJC_ARC = YES;
				CLANG_ENABLE_OBJC_WEAK = YES;
				CLANG_WARN_BLOCK_CAPTURE_AUTORELEASING = YES;
				CLANG_WARN_BOOL_CONVERSION = YES;
				CLANG_WARN_COMMA = YES;
				CLANG_WARN_CONSTANT_CONVERSION = YES;
				CLANG_WARN_DEPRECATED_OBJC_IMPLEMENTATIONS = YES;
				CLANG_WARN_DIRECT_OBJC_ISA_USAGE = YES_ERROR;
				CLANG_WARN_DOCUMENTATION_COMMENTS = YES;
				CLANG_WARN_EMPTY_BODY = YES;
				CLANG_WARN_ENUM_CONVERSION = YES;
				CLANG_WARN_INFINITE_RECURSION = YES;
				CLANG_WARN_INT_CONVERSION = YES;
				CLANG_WARN_NON_LITERAL_NULL_CONVERSION = YES;
				CLANG_WARN_OBJC_IMPLICIT_RETAIN_SELF = YES;
				CLANG_WARN_OBJC_LITERAL_CONVERSION = YES;
				CLANG_WARN_OBJC_ROOT_CLASS = YES_ERROR;
				CLANG_WARN_QUOTED_INCLUDE_IN_FRAMEWORK_HEADER = YES;
				CLANG_WARN_RANGE_LOOP_ANALYSIS = YES;
				CLANG_WARN_STRICT_PROTOTYPES = YES;
				CLANG_WARN_SUSPICIOUS_MOVE = YES;
				CLANG_WARN_UNGUARDED_AVAILABILITY = YES_AGGRESSIVE;
				CLANG_WARN_UNREACHABLE_CODE = YES;
				CLANG_WARN__DUPLICATE_METHOD_MATCH = YES;
				COPY_PHASE_STRIP = NO;
				DEBUG_INFORMATION_FORMAT = dwarf;
				ENABLE_STRICT_OBJC_MSGSEND = YES;
				ENABLE_TESTABILITY = YES;
				GCC_C_LANGUAGE_STANDARD = gnu11;
				GCC_DYNAMIC_NO_PIC = NO;
				GCC_NO_COMMON_BLOCKS = YES;
				GCC_OPTIMIZATION_LEVEL = 0;
				GCC_PREPROCESSOR_DEFINITIONS = (
					"DEBUG=1",
					"$(inherited)",
				);
				GCC_WARN_64_TO_32_BIT_CONVERSION = YES;
				GCC_WARN_ABOUT_RETURN_TYPE = YES_ERROR;
				GCC_WARN_UNDECLARED_SELECTOR = YES;
				GCC_WARN_UNINITIALIZED_AUTOS = YES_AGGRESSIVE;
				GCC_WARN_UNUSED_FUNCTION = YES;
				GCC_WARN_UNUSED_VARIABLE = YES;
				IPHONEOS_DEPLOYMENT_TARGET = 13.0;
				MTL_ENABLE_DEBUG_INFO = INCLUDE_SOURCE;
				MTL_FAST_MATH = YES;
				ONLY_ACTIVE_ARCH = YES;
				SDKROOT = iphoneos;
				SWIFT_ACTIVE_COMPILATION_CONDITIONS = DEBUG;
				SWIFT_OPTIMIZATION_LEVEL = "-Onone";
			};
			name = Debug;
		};
		9210BDEF267ECFCA00F22843 /* Release */ = {
			isa = XCBuildConfiguration;
			buildSettings = {
				ALWAYS_SEARCH_USER_PATHS = NO;
				CLANG_ANALYZER_NONNULL = YES;
				CLANG_ANALYZER_NUMBER_OBJECT_CONVERSION = YES_AGGRESSIVE;
				CLANG_CXX_LANGUAGE_STANDARD = "gnu++14";
				CLANG_CXX_LIBRARY = "libc++";
				CLANG_ENABLE_MODULES = YES;
				CLANG_ENABLE_OBJC_ARC = YES;
				CLANG_ENABLE_OBJC_WEAK = YES;
				CLANG_WARN_BLOCK_CAPTURE_AUTORELEASING = YES;
				CLANG_WARN_BOOL_CONVERSION = YES;
				CLANG_WARN_COMMA = YES;
				CLANG_WARN_CONSTANT_CONVERSION = YES;
				CLANG_WARN_DEPRECATED_OBJC_IMPLEMENTATIONS = YES;
				CLANG_WARN_DIRECT_OBJC_ISA_USAGE = YES_ERROR;
				CLANG_WARN_DOCUMENTATION_COMMENTS = YES;
				CLANG_WARN_EMPTY_BODY = YES;
				CLANG_WARN_ENUM_CONVERSION = YES;
				CLANG_WARN_INFINITE_RECURSION = YES;
				CLANG_WARN_INT_CONVERSION = YES;
				CLANG_WARN_NON_LITERAL_NULL_CONVERSION = YES;
				CLANG_WARN_OBJC_IMPLICIT_RETAIN_SELF = YES;
				CLANG_WARN_OBJC_LITERAL_CONVERSION = YES;
				CLANG_WARN_OBJC_ROOT_CLASS = YES_ERROR;
				CLANG_WARN_QUOTED_INCLUDE_IN_FRAMEWORK_HEADER = YES;
				CLANG_WARN_RANGE_LOOP_ANALYSIS = YES;
				CLANG_WARN_STRICT_PROTOTYPES = YES;
				CLANG_WARN_SUSPICIOUS_MOVE = YES;
				CLANG_WARN_UNGUARDED_AVAILABILITY = YES_AGGRESSIVE;
				CLANG_WARN_UNREACHABLE_CODE = YES;
				CLANG_WARN__DUPLICATE_METHOD_MATCH = YES;
				COPY_PHASE_STRIP = NO;
				DEBUG_INFORMATION_FORMAT = "dwarf-with-dsym";
				ENABLE_NS_ASSERTIONS = NO;
				ENABLE_STRICT_OBJC_MSGSEND = YES;
				GCC_C_LANGUAGE_STANDARD = gnu11;
				GCC_NO_COMMON_BLOCKS = YES;
				GCC_WARN_64_TO_32_BIT_CONVERSION = YES;
				GCC_WARN_ABOUT_RETURN_TYPE = YES_ERROR;
				GCC_WARN_UNDECLARED_SELECTOR = YES;
				GCC_WARN_UNINITIALIZED_AUTOS = YES_AGGRESSIVE;
				GCC_WARN_UNUSED_FUNCTION = YES;
				GCC_WARN_UNUSED_VARIABLE = YES;
				IPHONEOS_DEPLOYMENT_TARGET = 13.0;
				MTL_ENABLE_DEBUG_INFO = NO;
				MTL_FAST_MATH = YES;
				SDKROOT = iphoneos;
				SWIFT_COMPILATION_MODE = wholemodule;
				SWIFT_OPTIMIZATION_LEVEL = "-O";
				VALIDATE_PRODUCT = YES;
			};
			name = Release;
		};
		9210BDF1267ECFCA00F22843 /* Debug */ = {
			isa = XCBuildConfiguration;
			baseConfigurationReference = A8451E09BF6920F5BD024C33 /* Pods-To-do lists.debug.xcconfig */;
			buildSettings = {
				ASSETCATALOG_COMPILER_APPICON_NAME = AppIcon;
				ASSETCATALOG_COMPILER_GLOBAL_ACCENT_COLOR_NAME = AccentColor;
				CODE_SIGN_STYLE = Automatic;
				DEVELOPMENT_TEAM = DTYU7U2J79;
				INFOPLIST_FILE = "To-do lists/Info.plist";
				LD_RUNPATH_SEARCH_PATHS = (
					"$(inherited)",
					"@executable_path/Frameworks",
				);
				PRODUCT_BUNDLE_IDENTIFIER = "com.chikh.To-do-lists";
				PRODUCT_NAME = "$(TARGET_NAME)";
				SWIFT_VERSION = 5.0;
				TARGETED_DEVICE_FAMILY = "1,2";
			};
			name = Debug;
		};
		9210BDF2267ECFCA00F22843 /* Release */ = {
			isa = XCBuildConfiguration;
			baseConfigurationReference = 8C185CA52DDFE5A1F43004FC /* Pods-To-do lists.release.xcconfig */;
			buildSettings = {
				ASSETCATALOG_COMPILER_APPICON_NAME = AppIcon;
				ASSETCATALOG_COMPILER_GLOBAL_ACCENT_COLOR_NAME = AccentColor;
				CODE_SIGN_STYLE = Automatic;
				DEVELOPMENT_TEAM = DTYU7U2J79;
				INFOPLIST_FILE = "To-do lists/Info.plist";
				LD_RUNPATH_SEARCH_PATHS = (
					"$(inherited)",
					"@executable_path/Frameworks",
				);
				PRODUCT_BUNDLE_IDENTIFIER = "com.chikh.To-do-lists";
				PRODUCT_NAME = "$(TARGET_NAME)";
				SWIFT_VERSION = 5.0;
				TARGETED_DEVICE_FAMILY = "1,2";
			};
			name = Release;
		};
		9210BDF4267ECFCA00F22843 /* Debug */ = {
			isa = XCBuildConfiguration;
			baseConfigurationReference = 96B63E24AAE14E3690E20236 /* Pods-To-do listsTests.debug.xcconfig */;
			buildSettings = {
				ALWAYS_EMBED_SWIFT_STANDARD_LIBRARIES = YES;
				BUNDLE_LOADER = "$(TEST_HOST)";
				CODE_SIGN_STYLE = Automatic;
				DEVELOPMENT_TEAM = DTYU7U2J79;
				INFOPLIST_FILE = "To-do listsTests/Info.plist";
				IPHONEOS_DEPLOYMENT_TARGET = 14.4;
				LD_RUNPATH_SEARCH_PATHS = (
					"$(inherited)",
					"@executable_path/Frameworks",
					"@loader_path/Frameworks",
				);
				PRODUCT_BUNDLE_IDENTIFIER = "com.chikh.To-do-listsTests";
				PRODUCT_NAME = "$(TARGET_NAME)";
				SWIFT_VERSION = 5.0;
				TARGETED_DEVICE_FAMILY = "1,2";
				TEST_HOST = "$(BUILT_PRODUCTS_DIR)/To-do lists.app/To-do lists";
			};
			name = Debug;
		};
		9210BDF5267ECFCA00F22843 /* Release */ = {
			isa = XCBuildConfiguration;
			baseConfigurationReference = C152A22D8716CBA60262CD1D /* Pods-To-do listsTests.release.xcconfig */;
			buildSettings = {
				ALWAYS_EMBED_SWIFT_STANDARD_LIBRARIES = YES;
				BUNDLE_LOADER = "$(TEST_HOST)";
				CODE_SIGN_STYLE = Automatic;
				DEVELOPMENT_TEAM = DTYU7U2J79;
				INFOPLIST_FILE = "To-do listsTests/Info.plist";
				IPHONEOS_DEPLOYMENT_TARGET = 14.4;
				LD_RUNPATH_SEARCH_PATHS = (
					"$(inherited)",
					"@executable_path/Frameworks",
					"@loader_path/Frameworks",
				);
				PRODUCT_BUNDLE_IDENTIFIER = "com.chikh.To-do-listsTests";
				PRODUCT_NAME = "$(TARGET_NAME)";
				SWIFT_VERSION = 5.0;
				TARGETED_DEVICE_FAMILY = "1,2";
				TEST_HOST = "$(BUILT_PRODUCTS_DIR)/To-do lists.app/To-do lists";
			};
			name = Release;
		};
		9210BDF7267ECFCA00F22843 /* Debug */ = {
			isa = XCBuildConfiguration;
			baseConfigurationReference = CF52F0DF88FCF95B3664B02F /* Pods-To-do lists-To-do listsUITests.debug.xcconfig */;
			buildSettings = {
				ALWAYS_EMBED_SWIFT_STANDARD_LIBRARIES = YES;
				CODE_SIGN_STYLE = Automatic;
				DEVELOPMENT_TEAM = DTYU7U2J79;
				INFOPLIST_FILE = "To-do listsUITests/Info.plist";
				LD_RUNPATH_SEARCH_PATHS = (
					"$(inherited)",
					"@executable_path/Frameworks",
					"@loader_path/Frameworks",
				);
				PRODUCT_BUNDLE_IDENTIFIER = "com.chikh.To-do-listsUITests";
				PRODUCT_NAME = "$(TARGET_NAME)";
				SWIFT_VERSION = 5.0;
				TARGETED_DEVICE_FAMILY = "1,2";
				TEST_TARGET_NAME = "To-do lists";
			};
			name = Debug;
		};
		9210BDF8267ECFCA00F22843 /* Release */ = {
			isa = XCBuildConfiguration;
			baseConfigurationReference = E3104925C54DCD08CD5D4F78 /* Pods-To-do lists-To-do listsUITests.release.xcconfig */;
			buildSettings = {
				ALWAYS_EMBED_SWIFT_STANDARD_LIBRARIES = YES;
				CODE_SIGN_STYLE = Automatic;
				DEVELOPMENT_TEAM = DTYU7U2J79;
				INFOPLIST_FILE = "To-do listsUITests/Info.plist";
				LD_RUNPATH_SEARCH_PATHS = (
					"$(inherited)",
					"@executable_path/Frameworks",
					"@loader_path/Frameworks",
				);
				PRODUCT_BUNDLE_IDENTIFIER = "com.chikh.To-do-listsUITests";
				PRODUCT_NAME = "$(TARGET_NAME)";
				SWIFT_VERSION = 5.0;
				TARGETED_DEVICE_FAMILY = "1,2";
				TEST_TARGET_NAME = "To-do lists";
			};
			name = Release;
		};
/* End XCBuildConfiguration section */

/* Begin XCConfigurationList section */
		9210BDBE267ECFC700F22843 /* Build configuration list for PBXProject "To-do lists" */ = {
			isa = XCConfigurationList;
			buildConfigurations = (
				9210BDEE267ECFCA00F22843 /* Debug */,
				9210BDEF267ECFCA00F22843 /* Release */,
			);
			defaultConfigurationIsVisible = 0;
			defaultConfigurationName = Release;
		};
		9210BDF0267ECFCA00F22843 /* Build configuration list for PBXNativeTarget "To-do lists" */ = {
			isa = XCConfigurationList;
			buildConfigurations = (
				9210BDF1267ECFCA00F22843 /* Debug */,
				9210BDF2267ECFCA00F22843 /* Release */,
			);
			defaultConfigurationIsVisible = 0;
			defaultConfigurationName = Release;
		};
		9210BDF3267ECFCA00F22843 /* Build configuration list for PBXNativeTarget "To-do listsTests" */ = {
			isa = XCConfigurationList;
			buildConfigurations = (
				9210BDF4267ECFCA00F22843 /* Debug */,
				9210BDF5267ECFCA00F22843 /* Release */,
			);
			defaultConfigurationIsVisible = 0;
			defaultConfigurationName = Release;
		};
		9210BDF6267ECFCA00F22843 /* Build configuration list for PBXNativeTarget "To-do listsUITests" */ = {
			isa = XCConfigurationList;
			buildConfigurations = (
				9210BDF7267ECFCA00F22843 /* Debug */,
				9210BDF8267ECFCA00F22843 /* Release */,
			);
			defaultConfigurationIsVisible = 0;
			defaultConfigurationName = Release;
		};
/* End XCConfigurationList section */

/* Begin XCVersionGroup section */
		92744312273DAD2800CFC7C3 /* Data.xcdatamodeld */ = {
			isa = XCVersionGroup;
			children = (
				92744313273DAD2800CFC7C3 /* Data.xcdatamodel */,
			);
			currentVersion = 92744313273DAD2800CFC7C3 /* Data.xcdatamodel */;
			path = Data.xcdatamodeld;
			sourceTree = "<group>";
			versionGroupType = wrapper.xcdatamodel;
		};
/* End XCVersionGroup section */
	};
	rootObject = 9210BDBB267ECFC700F22843 /* Project object */;
}
